
Microsoft Visual Studio Solution File, Format Version 12.00
# Visual Studio Version 17
VisualStudioVersion = 17.12.35527.113 d17.12
MinimumVisualStudioVersion = 10.0.40219.1
Project("{FAE04EC0-301F-11D3-BF4B-00C04F79EFBC}") = "ERPServer.Application", "ERPServer\ERPServer.Application\ERPServer.Application.csproj", "{AC38D846-FA30-46A9-8AD9-64995280EB42}"
EndProject
Project("{FAE04EC0-301F-11D3-BF4B-00C04F79EFBC}") = "ERPServer.Domain", "ERPServer\ERPServer.Domain\ERPServer.Domain.csproj", "{C3D5490A-5C85-4260-979E-9C2B42F84FAA}"
EndProject
Project("{FAE04EC0-301F-11D3-BF4B-00C04F79EFBC}") = "ERPServer.Infrastructure", "ERPServer\ERPServer.Infrastructure\ERPServer.Infrastructure.csproj", "{020A569C-9CF4-481B-8DF0-BCF769A4C6E2}"
EndProject
Project("{FAE04EC0-301F-11D3-BF4B-00C04F79EFBC}") = "ERPServer.WebAPI", "ERPServer\ERPServer.WebAPI\ERPServer.WebAPI.csproj", "{7F376893-D1F6-4DCB-A3A5-EDD134B5D3FD}"
EndProject
Global
	GlobalSection(SolutionConfigurationPlatforms) = preSolution
		Debug|Any CPU = Debug|Any CPU
		Release|Any CPU = Release|Any CPU
	EndGlobalSection
	GlobalSection(ProjectConfigurationPlatforms) = postSolution
		{AC38D846-FA30-46A9-8AD9-64995280EB42}.Debug|Any CPU.ActiveCfg = Debug|Any CPU
		{AC38D846-FA30-46A9-8AD9-64995280EB42}.Debug|Any CPU.Build.0 = Debug|Any CPU
		{AC38D846-FA30-46A9-8AD9-64995280EB42}.Release|Any CPU.ActiveCfg = Release|Any CPU
		{AC38D846-FA30-46A9-8AD9-64995280EB42}.Release|Any CPU.Build.0 = Release|Any CPU
		{C3D5490A-5C85-4260-979E-9C2B42F84FAA}.Debug|Any CPU.ActiveCfg = Debug|Any CPU
		{C3D5490A-5C85-4260-979E-9C2B42F84FAA}.Debug|Any CPU.Build.0 = Debug|Any CPU
		{C3D5490A-5C85-4260-979E-9C2B42F84FAA}.Release|Any CPU.ActiveCfg = Release|Any CPU
		{C3D5490A-5C85-4260-979E-9C2B42F84FAA}.Release|Any CPU.Build.0 = Release|Any CPU
		{020A569C-9CF4-481B-8DF0-BCF769A4C6E2}.Debug|Any CPU.ActiveCfg = Debug|Any CPU
		{020A569C-9CF4-481B-8DF0-BCF769A4C6E2}.Debug|Any CPU.Build.0 = Debug|Any CPU
		{020A569C-9CF4-481B-8DF0-BCF769A4C6E2}.Release|Any CPU.ActiveCfg = Release|Any CPU
		{020A569C-9CF4-481B-8DF0-BCF769A4C6E2}.Release|Any CPU.Build.0 = Release|Any CPU
		{7F376893-D1F6-4DCB-A3A5-EDD134B5D3FD}.Debug|Any CPU.ActiveCfg = Debug|Any CPU
		{7F376893-D1F6-4DCB-A3A5-EDD134B5D3FD}.Debug|Any CPU.Build.0 = Debug|Any CPU
		{7F376893-D1F6-4DCB-A3A5-EDD134B5D3FD}.Release|Any CPU.ActiveCfg = Release|Any CPU
		{7F376893-D1F6-4DCB-A3A5-EDD134B5D3FD}.Release|Any CPU.Build.0 = Release|Any CPU
	EndGlobalSection
	GlobalSection(SolutionProperties) = preSolution
		HideSolutionNode = FALSE
	EndGlobalSection
EndGlobal
